
Microsoft Visual Studio Solution File, Format Version 12.00
# Visual Studio Version 16
VisualStudioVersion = 25.0.1706.8
MinimumVisualStudioVersion = 10.0.40219.1
Project("{FAE04EC0-301F-11D3-BF4B-00C04F79EFBC}") = "BooleanVariables", "BooleanVariables\BooleanVariables.csproj", "{D89B609A-B022-47C2-9DD8-EFECC00C00DF}"
EndProject
Project("{FAE04EC0-301F-11D3-BF4B-00C04F79EFBC}") = "Activites", "Activites\Activites.csproj", "{E08CB966-49E7-487E-B7A7-40D4D46C0F01}"
EndProject
Global
	GlobalSection(SolutionConfigurationPlatforms) = preSolution
		Debug|Any CPU = Debug|Any CPU
		Release|Any CPU = Release|Any CPU
	EndGlobalSection
	GlobalSection(ProjectConfigurationPlatforms) = postSolution
		{D89B609A-B022-47C2-9DD8-EFECC00C00DF}.Debug|Any CPU.ActiveCfg = Debug|Any CPU
		{D89B609A-B022-47C2-9DD8-EFECC00C00DF}.Debug|Any CPU.Build.0 = Debug|Any CPU
		{D89B609A-B022-47C2-9DD8-EFECC00C00DF}.Release|Any CPU.ActiveCfg = Release|Any CPU
		{D89B609A-B022-47C2-9DD8-EFECC00C00DF}.Release|Any CPU.Build.0 = Release|Any CPU
		{E08CB966-49E7-487E-B7A7-40D4D46C0F01}.Debug|Any CPU.ActiveCfg = Debug|Any CPU
		{E08CB966-49E7-487E-B7A7-40D4D46C0F01}.Debug|Any CPU.Build.0 = Debug|Any CPU
		{E08CB966-49E7-487E-B7A7-40D4D46C0F01}.Release|Any CPU.ActiveCfg = Release|Any CPU
		{E08CB966-49E7-487E-B7A7-40D4D46C0F01}.Release|Any CPU.Build.0 = Release|Any CPU
	EndGlobalSection
	GlobalSection(SolutionProperties) = preSolution
		HideSolutionNode = FALSE
	EndGlobalSection
	GlobalSection(ExtensibilityGlobals) = postSolution
		SolutionGuid = {49BCE8B0-8B02-4224-96C0-902FAA16AA91}
	EndGlobalSection
EndGlobal
